
Microsoft Visual Studio Solution File, Format Version 12.00
# Visual Studio Version 17
VisualStudioVersion = 17.0.31903.59
MinimumVisualStudioVersion = 10.0.40219.1
Project("{2150E333-8FDC-42A3-9474-1A3956D46DE8}") = "src", "src", "{507A7EE3-340D-4FF5-9C96-F005343E4C61}"
EndProject
Project("{9A19103F-16F7-4668-BE54-9A1E7A4F7556}") = "MKProgNet.CRM.Core", "src\MKProgNet.CRM.Core\MKProgNet.CRM.Core.csproj", "{C5E1795A-BC8E-4402-B30B-D5FD8E2A88AC}"
EndProject
Project("{2150E333-8FDC-42A3-9474-1A3956D46DE8}") = "tests", "tests", "{329260A8-11B9-4FE3-A247-D14D6BC1AFF4}"
EndProject
Project("{9A19103F-16F7-4668-BE54-9A1E7A4F7556}") = "MKProgNet.CRM.Core.Tests", "tests\MKProgNet.CRM.Core.Tests\MKProgNet.CRM.Core.Tests.csproj", "{E6DE328E-2FEA-4B98-AD69-127745F580ED}"
EndProject
Project("{2150E333-8FDC-42A3-9474-1A3956D46DE8}") = "Domain", "Domain", "{28431A59-BDF8-451C-9FA0-F782412D1704}"
EndProject
Project("{2150E333-8FDC-42A3-9474-1A3956D46DE8}") = "Presentation", "Presentation", "{01D10321-EDEF-41AC-981F-8AC39A0156C3}"
EndProject
Project("{2150E333-8FDC-42A3-9474-1A3956D46DE8}") = "unit-tests", "unit-tests", "{4525A262-2615-450C-8601-EA27543132C9}"
EndProject
Project("{FAE04EC0-301F-11D3-BF4B-00C04F79EFBC}") = "MKProgNet.CRM", "src\MKProgNet.CRM\MKProgNet.CRM.csproj", "{AF037182-C024-4BD3-80D7-256865D4F880}"
EndProject
Project("{2150E333-8FDC-42A3-9474-1A3956D46DE8}") = "Application", "Application", "{E6529516-0056-4BE5-8360-7A6D9E3DBAC6}"
EndProject
Project("{2150E333-8FDC-42A3-9474-1A3956D46DE8}") = "Infrastructure", "Infrastructure", "{940F82CE-3AB9-45BC-A7AA-6E94A4A127E5}"
EndProject
Global
	GlobalSection(SolutionConfigurationPlatforms) = preSolution
		Debug|Any CPU = Debug|Any CPU
		Release|Any CPU = Release|Any CPU
	EndGlobalSection
	GlobalSection(ProjectConfigurationPlatforms) = postSolution
		{C5E1795A-BC8E-4402-B30B-D5FD8E2A88AC}.Debug|Any CPU.ActiveCfg = Debug|Any CPU
		{C5E1795A-BC8E-4402-B30B-D5FD8E2A88AC}.Debug|Any CPU.Build.0 = Debug|Any CPU
		{C5E1795A-BC8E-4402-B30B-D5FD8E2A88AC}.Release|Any CPU.ActiveCfg = Release|Any CPU
		{C5E1795A-BC8E-4402-B30B-D5FD8E2A88AC}.Release|Any CPU.Build.0 = Release|Any CPU
		{E6DE328E-2FEA-4B98-AD69-127745F580ED}.Debug|Any CPU.ActiveCfg = Debug|Any CPU
		{E6DE328E-2FEA-4B98-AD69-127745F580ED}.Debug|Any CPU.Build.0 = Debug|Any CPU
		{E6DE328E-2FEA-4B98-AD69-127745F580ED}.Release|Any CPU.ActiveCfg = Release|Any CPU
		{E6DE328E-2FEA-4B98-AD69-127745F580ED}.Release|Any CPU.Build.0 = Release|Any CPU
		{AF037182-C024-4BD3-80D7-256865D4F880}.Debug|Any CPU.ActiveCfg = Debug|Any CPU
		{AF037182-C024-4BD3-80D7-256865D4F880}.Debug|Any CPU.Build.0 = Debug|Any CPU
		{AF037182-C024-4BD3-80D7-256865D4F880}.Release|Any CPU.ActiveCfg = Release|Any CPU
		{AF037182-C024-4BD3-80D7-256865D4F880}.Release|Any CPU.Build.0 = Release|Any CPU
	EndGlobalSection
	GlobalSection(SolutionProperties) = preSolution
		HideSolutionNode = FALSE
	EndGlobalSection
	GlobalSection(NestedProjects) = preSolution
		{C5E1795A-BC8E-4402-B30B-D5FD8E2A88AC} = {28431A59-BDF8-451C-9FA0-F782412D1704}
		{E6DE328E-2FEA-4B98-AD69-127745F580ED} = {4525A262-2615-450C-8601-EA27543132C9}
		{28431A59-BDF8-451C-9FA0-F782412D1704} = {507A7EE3-340D-4FF5-9C96-F005343E4C61}
		{01D10321-EDEF-41AC-981F-8AC39A0156C3} = {507A7EE3-340D-4FF5-9C96-F005343E4C61}
		{4525A262-2615-450C-8601-EA27543132C9} = {329260A8-11B9-4FE3-A247-D14D6BC1AFF4}
		{AF037182-C024-4BD3-80D7-256865D4F880} = {01D10321-EDEF-41AC-981F-8AC39A0156C3}
		{E6529516-0056-4BE5-8360-7A6D9E3DBAC6} = {507A7EE3-340D-4FF5-9C96-F005343E4C61}
		{940F82CE-3AB9-45BC-A7AA-6E94A4A127E5} = {507A7EE3-340D-4FF5-9C96-F005343E4C61}
	EndGlobalSection
	GlobalSection(ExtensibilityGlobals) = postSolution
		SolutionGuid = {D367A696-FD30-41F5-BD55-27FFA800FCD3}
	EndGlobalSection
EndGlobal
